{
  "name": "@alttiri/util-node-js",
  "version": "1.1.0",
  "lockfileVersion": 2,
  "requires": true,
  "packages": {
    "": {
      "name": "@alttiri/util-node-js",
      "version": "1.1.0",
      "license": "MIT",
      "dependencies": {
        "@alttiri/util-js": "1.0.1"
      }
    },
    "node_modules/@alttiri/util-js": {
      "version": "1.0.1",
      "resolved": "https://npm.pkg.github.com/download/@alttiri/util-js/1.0.1/aaea2f90661d39c8467d7b016205359a1e9a266b9c4127c6ba152119428ced21",
      "integrity": "sha512-+v7vXVoEnFZzBZ2IzXAjgvnsKgsRMlhpOZ5pNN/eK/N3fgsKvoQAH5LLOYR8ZORe/NOVP6uQSV/BhUPhk+LvRw==",
      "license": "MIT"
    }
  },
  "dependencies": {
    "@alttiri/util-js": {
      "version": "1.0.1",
      "resolved": "https://npm.pkg.github.com/download/@alttiri/util-js/1.0.1/aaea2f90661d39c8467d7b016205359a1e9a266b9c4127c6ba152119428ced21",
      "integrity": "sha512-+v7vXVoEnFZzBZ2IzXAjgvnsKgsRMlhpOZ5pNN/eK/N3fgsKvoQAH5LLOYR8ZORe/NOVP6uQSV/BhUPhk+LvRw=="
    }
  }
}
