{
  "name": "@alttiri/util-node-js",
  "version": "1.2.1",
  "lockfileVersion": 2,
  "requires": true,
  "packages": {
    "": {
      "name": "@alttiri/util-node-js",
      "version": "1.2.1",
      "license": "MIT",
      "dependencies": {
        "@alttiri/util-js": "1.0.4"
      }
    },
    "node_modules/@alttiri/util-js": {
      "version": "1.0.4",
      "resolved": "https://npm.pkg.github.com/download/@alttiri/util-js/1.0.4/73c000f8085990f5d730d4f3da90fe3dfb18c0c9b3d9d1cb98fe2582b2f0ef54",
      "integrity": "sha512-AvMOOl2UvFxOdf+9kke7c2sYetiQ0lNC7D36K7qEo/mGrFFIeQtp1iChndTfx2eKWgXz7Ijg46+2Y27daOSEFQ==",
      "license": "MIT"
    }
  },
  "dependencies": {
    "@alttiri/util-js": {
      "version": "1.0.4",
      "resolved": "https://npm.pkg.github.com/download/@alttiri/util-js/1.0.4/73c000f8085990f5d730d4f3da90fe3dfb18c0c9b3d9d1cb98fe2582b2f0ef54",
      "integrity": "sha512-AvMOOl2UvFxOdf+9kke7c2sYetiQ0lNC7D36K7qEo/mGrFFIeQtp1iChndTfx2eKWgXz7Ijg46+2Y27daOSEFQ=="
    }
  }
}
