{
  "name": "@alttiri/util-node-js",
  "version": "1.4.0",
  "lockfileVersion": 2,
  "requires": true,
  "packages": {
    "": {
      "name": "@alttiri/util-node-js",
      "version": "1.4.0",
      "license": "MIT",
      "dependencies": {
        "@alttiri/util-js": "github:AlttiRi/util-js#semver:1.1.0"
      }
    },
    "node_modules/@alttiri/util-js": {
      "version": "1.1.0",
      "resolved": "git+ssh://git@github.com/AlttiRi/util-js.git#61d8531d7216334be57edcaa55f448b6cedc3f81",
      "license": "MIT"
    }
  },
  "dependencies": {
    "@alttiri/util-js": {
      "version": "git+ssh://git@github.com/AlttiRi/util-js.git#61d8531d7216334be57edcaa55f448b6cedc3f81",
      "from": "@alttiri/util-js@github:AlttiRi/util-js#semver:1.1.0"
    }
  }
}
